{
  "name": "cs732-example-fullstack-typescript",
  "version": "0.0.0",
  "lockfileVersion": 3,
  "requires": true,
  "packages": {
    "": {
      "name": "cs732-example-fullstack-typescript",
      "version": "0.0.0",
      "dependencies": {
        "zod": "^3.24.4"
      }
    },
    "node_modules/zod": {
      "version": "3.24.4",
      "resolved": "https://registry.npmjs.org/zod/-/zod-3.24.4.tgz",
      "integrity": "sha512-OdqJE9UDRPwWsrHjLN2F8bPxvwJBK22EHLWtanu0LSYr5YqzsaaW3RMgmjwr8Rypg5k+meEJdSPXJZXE/yqOMg==",
      "license": "MIT",
      "funding": {
        "url": "https://github.com/sponsors/colinhacks"
      }
    }
  }
}
